{
  "version": "4",
  "specifiers": {
    "npm:@deno/vite-plugin@^1.0.4": "1.0.4_vite@6.3.1__picomatch@4.0.2",
    "npm:@vitejs/plugin-vue@^5.2.1": "5.2.3_vite@6.3.1__picomatch@4.0.2_vue@3.5.13",
    "npm:vite@*": "6.3.1_picomatch@4.0.2",
    "npm:vite@^6.1.1": "6.3.1_picomatch@4.0.2",
    "npm:vue-router@*": "4.6.4_vue@3.5.13",
    "npm:vue@^3.5.13": "3.5.13"
  },
  "npm": {
    "@babel/helper-string-parser@7.25.9": {
      "integrity": "sha512-4A/SCr/2KLd5jrtOMFzaKjVtAei3+2r/NChoBNoZ3EyP/+GlhoaEGoWOZUmFmoITP7zOJyHIMm+DYRd8o3PvHA=="
    },
    "@babel/helper-validator-identifier@7.25.9": {
      "integrity": "sha512-Ed61U6XJc3CVRfkERJWDz4dJwKe7iLmmJsbOGu9wSloNSFttHV0I8g6UAgb7qnK5ly5bGLPd4oXZlxCdANBOWQ=="
    },
    "@babel/parser@7.27.0": {
      "integrity": "sha512-iaepho73/2Pz7w2eMS0Q5f83+0RKI7i4xmiYeBmDzfRVbQtTOG7Ts0S4HzJVsTMGI9keU8rNfuZr8DKfSt7Yyg==",
      "dependencies": [
        "@babel/types"
      ]
    },
    "@babel/types@7.27.0": {
      "integrity": "sha512-H45s8fVLYjbhFH62dIJ3WtmJ6RSPt/3DRO0ZcT2SUiYiQyz3BLVb9ADEnLl91m74aQPS3AzzeajZHYOalWe3bg==",
      "dependencies": [
        "@babel/helper-string-parser",
        "@babel/helper-validator-identifier"
      ]
    },
    "@deno/vite-plugin@1.0.4_vite@6.3.1__picomatch@4.0.2": {
      "integrity": "sha512-xg8YT8Wn2sGXSnJgiGTpBGX1Dov0c6fd1rAp8VsfrCUtyBRRWzwVMAnd3fQ4yq8h7LSVvJUxEFN4U421k/DQLA==",
      "dependencies": [
        "vite"
      ]
    },
    "@esbuild/aix-ppc64@0.25.2": {
      "integrity": "sha512-wCIboOL2yXZym2cgm6mlA742s9QeJ8DjGVaL39dLN4rRwrOgOyYSnOaFPhKZGLb2ngj4EyfAFjsNJwPXZvseag=="
    },
    "@esbuild/android-arm64@0.25.2": {
      "integrity": "sha512-5ZAX5xOmTligeBaeNEPnPaeEuah53Id2tX4c2CVP3JaROTH+j4fnfHCkr1PjXMd78hMst+TlkfKcW/DlTq0i4w=="
    },
    "@esbuild/android-arm@0.25.2": {
      "integrity": "sha512-NQhH7jFstVY5x8CKbcfa166GoV0EFkaPkCKBQkdPJFvo5u+nGXLEH/ooniLb3QI8Fk58YAx7nsPLozUWfCBOJA=="
    },
    "@esbuild/android-x64@0.25.2": {
      "integrity": "sha512-Ffcx+nnma8Sge4jzddPHCZVRvIfQ0kMsUsCMcJRHkGJ1cDmhe4SsrYIjLUKn1xpHZybmOqCWwB0zQvsjdEHtkg=="
    },
    "@esbuild/darwin-arm64@0.25.2": {
      "integrity": "sha512-MpM6LUVTXAzOvN4KbjzU/q5smzryuoNjlriAIx+06RpecwCkL9JpenNzpKd2YMzLJFOdPqBpuub6eVRP5IgiSA=="
    },
    "@esbuild/darwin-x64@0.25.2": {
      "integrity": "sha512-5eRPrTX7wFyuWe8FqEFPG2cU0+butQQVNcT4sVipqjLYQjjh8a8+vUTfgBKM88ObB85ahsnTwF7PSIt6PG+QkA=="
    },
    "@esbuild/freebsd-arm64@0.25.2": {
      "integrity": "sha512-mLwm4vXKiQ2UTSX4+ImyiPdiHjiZhIaE9QvC7sw0tZ6HoNMjYAqQpGyui5VRIi5sGd+uWq940gdCbY3VLvsO1w=="
    },
    "@esbuild/freebsd-x64@0.25.2": {
      "integrity": "sha512-6qyyn6TjayJSwGpm8J9QYYGQcRgc90nmfdUb0O7pp1s4lTY+9D0H9O02v5JqGApUyiHOtkz6+1hZNvNtEhbwRQ=="
    },
    "@esbuild/linux-arm64@0.25.2": {
      "integrity": "sha512-gq/sjLsOyMT19I8obBISvhoYiZIAaGF8JpeXu1u8yPv8BE5HlWYobmlsfijFIZ9hIVGYkbdFhEqC0NvM4kNO0g=="
    },
    "@esbuild/linux-arm@0.25.2": {
      "integrity": "sha512-UHBRgJcmjJv5oeQF8EpTRZs/1knq6loLxTsjc3nxO9eXAPDLcWW55flrMVc97qFPbmZP31ta1AZVUKQzKTzb0g=="
    },
    "@esbuild/linux-ia32@0.25.2": {
      "integrity": "sha512-bBYCv9obgW2cBP+2ZWfjYTU+f5cxRoGGQ5SeDbYdFCAZpYWrfjjfYwvUpP8MlKbP0nwZ5gyOU/0aUzZ5HWPuvQ=="
    },
    "@esbuild/linux-loong64@0.25.2": {
      "integrity": "sha512-SHNGiKtvnU2dBlM5D8CXRFdd+6etgZ9dXfaPCeJtz+37PIUlixvlIhI23L5khKXs3DIzAn9V8v+qb1TRKrgT5w=="
    },
    "@esbuild/linux-mips64el@0.25.2": {
      "integrity": "sha512-hDDRlzE6rPeoj+5fsADqdUZl1OzqDYow4TB4Y/3PlKBD0ph1e6uPHzIQcv2Z65u2K0kpeByIyAjCmjn1hJgG0Q=="
    },
    "@esbuild/linux-ppc64@0.25.2": {
      "integrity": "sha512-tsHu2RRSWzipmUi9UBDEzc0nLc4HtpZEI5Ba+Omms5456x5WaNuiG3u7xh5AO6sipnJ9r4cRWQB2tUjPyIkc6g=="
    },
    "@esbuild/linux-riscv64@0.25.2": {
      "integrity": "sha512-k4LtpgV7NJQOml/10uPU0s4SAXGnowi5qBSjaLWMojNCUICNu7TshqHLAEbkBdAszL5TabfvQ48kK84hyFzjnw=="
    },
    "@esbuild/linux-s390x@0.25.2": {
      "integrity": "sha512-GRa4IshOdvKY7M/rDpRR3gkiTNp34M0eLTaC1a08gNrh4u488aPhuZOCpkF6+2wl3zAN7L7XIpOFBhnaE3/Q8Q=="
    },
    "@esbuild/linux-x64@0.25.2": {
      "integrity": "sha512-QInHERlqpTTZ4FRB0fROQWXcYRD64lAoiegezDunLpalZMjcUcld3YzZmVJ2H/Cp0wJRZ8Xtjtj0cEHhYc/uUg=="
    },
    "@esbuild/netbsd-arm64@0.25.2": {
      "integrity": "sha512-talAIBoY5M8vHc6EeI2WW9d/CkiO9MQJ0IOWX8hrLhxGbro/vBXJvaQXefW2cP0z0nQVTdQ/eNyGFV1GSKrxfw=="
    },
    "@esbuild/netbsd-x64@0.25.2": {
      "integrity": "sha512-voZT9Z+tpOxrvfKFyfDYPc4DO4rk06qamv1a/fkuzHpiVBMOhpjK+vBmWM8J1eiB3OLSMFYNaOaBNLXGChf5tg=="
    },
    "@esbuild/openbsd-arm64@0.25.2": {
      "integrity": "sha512-dcXYOC6NXOqcykeDlwId9kB6OkPUxOEqU+rkrYVqJbK2hagWOMrsTGsMr8+rW02M+d5Op5NNlgMmjzecaRf7Tg=="
    },
    "@esbuild/openbsd-x64@0.25.2": {
      "integrity": "sha512-t/TkWwahkH0Tsgoq1Ju7QfgGhArkGLkF1uYz8nQS/PPFlXbP5YgRpqQR3ARRiC2iXoLTWFxc6DJMSK10dVXluw=="
    },
    "@esbuild/sunos-x64@0.25.2": {
      "integrity": "sha512-cfZH1co2+imVdWCjd+D1gf9NjkchVhhdpgb1q5y6Hcv9TP6Zi9ZG/beI3ig8TvwT9lH9dlxLq5MQBBgwuj4xvA=="
    },
    "@esbuild/win32-arm64@0.25.2": {
      "integrity": "sha512-7Loyjh+D/Nx/sOTzV8vfbB3GJuHdOQyrOryFdZvPHLf42Tk9ivBU5Aedi7iyX+x6rbn2Mh68T4qq1SDqJBQO5Q=="
    },
    "@esbuild/win32-ia32@0.25.2": {
      "integrity": "sha512-WRJgsz9un0nqZJ4MfhabxaD9Ft8KioqU3JMinOTvobbX6MOSUigSBlogP8QB3uxpJDsFS6yN+3FDBdqE5lg9kg=="
    },
    "@esbuild/win32-x64@0.25.2": {
      "integrity": "sha512-kM3HKb16VIXZyIeVrM1ygYmZBKybX8N4p754bw390wGO3Tf2j4L2/WYL+4suWujpgf6GBYs3jv7TyUivdd05JA=="
    },
    "@jridgewell/sourcemap-codec@1.5.0": {
      "integrity": "sha512-gv3ZRaISU3fjPAgNsriBRqGWQL6quFx04YMPW/zD8XMLsU32mhCCbfbO6KZFLjvYpCZ8zyDEgqsgf+PwPaM7GQ=="
    },
    "@rollup/rollup-android-arm-eabi@4.40.0": {
      "integrity": "sha512-+Fbls/diZ0RDerhE8kyC6hjADCXA1K4yVNlH0EYfd2XjyH0UGgzaQ8MlT0pCXAThfxv3QUAczHaL+qSv1E4/Cg=="
    },
    "@rollup/rollup-android-arm64@4.40.0": {
      "integrity": "sha512-PPA6aEEsTPRz+/4xxAmaoWDqh67N7wFbgFUJGMnanCFs0TV99M0M8QhhaSCks+n6EbQoFvLQgYOGXxlMGQe/6w=="
    },
    "@rollup/rollup-darwin-arm64@4.40.0": {
      "integrity": "sha512-GwYOcOakYHdfnjjKwqpTGgn5a6cUX7+Ra2HeNj/GdXvO2VJOOXCiYYlRFU4CubFM67EhbmzLOmACKEfvp3J1kQ=="
    },
    "@rollup/rollup-darwin-x64@4.40.0": {
      "integrity": "sha512-CoLEGJ+2eheqD9KBSxmma6ld01czS52Iw0e2qMZNpPDlf7Z9mj8xmMemxEucinev4LgHalDPczMyxzbq+Q+EtA=="
    },
    "@rollup/rollup-freebsd-arm64@4.40.0": {
      "integrity": "sha512-r7yGiS4HN/kibvESzmrOB/PxKMhPTlz+FcGvoUIKYoTyGd5toHp48g1uZy1o1xQvybwwpqpe010JrcGG2s5nkg=="
    },
    "@rollup/rollup-freebsd-x64@4.40.0": {
      "integrity": "sha512-mVDxzlf0oLzV3oZOr0SMJ0lSDd3xC4CmnWJ8Val8isp9jRGl5Dq//LLDSPFrasS7pSm6m5xAcKaw3sHXhBjoRw=="
    },
    "@rollup/rollup-linux-arm-gnueabihf@4.40.0": {
      "integrity": "sha512-y/qUMOpJxBMy8xCXD++jeu8t7kzjlOCkoxxajL58G62PJGBZVl/Gwpm7JK9+YvlB701rcQTzjUZ1JgUoPTnoQA=="
    },
    "@rollup/rollup-linux-arm-musleabihf@4.40.0": {
      "integrity": "sha512-GoCsPibtVdJFPv/BOIvBKO/XmwZLwaNWdyD8TKlXuqp0veo2sHE+A/vpMQ5iSArRUz/uaoj4h5S6Pn0+PdhRjg=="
    },
    "@rollup/rollup-linux-arm64-gnu@4.40.0": {
      "integrity": "sha512-L5ZLphTjjAD9leJzSLI7rr8fNqJMlGDKlazW2tX4IUF9P7R5TMQPElpH82Q7eNIDQnQlAyiNVfRPfP2vM5Avvg=="
    },
    "@rollup/rollup-linux-arm64-musl@4.40.0": {
      "integrity": "sha512-ATZvCRGCDtv1Y4gpDIXsS+wfFeFuLwVxyUBSLawjgXK2tRE6fnsQEkE4csQQYWlBlsFztRzCnBvWVfcae/1qxQ=="
    },
    "@rollup/rollup-linux-loongarch64-gnu@4.40.0": {
      "integrity": "sha512-wG9e2XtIhd++QugU5MD9i7OnpaVb08ji3P1y/hNbxrQ3sYEelKJOq1UJ5dXczeo6Hj2rfDEL5GdtkMSVLa/AOg=="
    },
    "@rollup/rollup-linux-powerpc64le-gnu@4.40.0": {
      "integrity": "sha512-vgXfWmj0f3jAUvC7TZSU/m/cOE558ILWDzS7jBhiCAFpY2WEBn5jqgbqvmzlMjtp8KlLcBlXVD2mkTSEQE6Ixw=="
    },
    "@rollup/rollup-linux-riscv64-gnu@4.40.0": {
      "integrity": "sha512-uJkYTugqtPZBS3Z136arevt/FsKTF/J9dEMTX/cwR7lsAW4bShzI2R0pJVw+hcBTWF4dxVckYh72Hk3/hWNKvA=="
    },
    "@rollup/rollup-linux-riscv64-musl@4.40.0": {
      "integrity": "sha512-rKmSj6EXQRnhSkE22+WvrqOqRtk733x3p5sWpZilhmjnkHkpeCgWsFFo0dGnUGeA+OZjRl3+VYq+HyCOEuwcxQ=="
    },
    "@rollup/rollup-linux-s390x-gnu@4.40.0": {
      "integrity": "sha512-SpnYlAfKPOoVsQqmTFJ0usx0z84bzGOS9anAC0AZ3rdSo3snecihbhFTlJZ8XMwzqAcodjFU4+/SM311dqE5Sw=="
    },
    "@rollup/rollup-linux-x64-gnu@4.40.0": {
      "integrity": "sha512-RcDGMtqF9EFN8i2RYN2W+64CdHruJ5rPqrlYw+cgM3uOVPSsnAQps7cpjXe9be/yDp8UC7VLoCoKC8J3Kn2FkQ=="
    },
    "@rollup/rollup-linux-x64-musl@4.40.0": {
      "integrity": "sha512-HZvjpiUmSNx5zFgwtQAV1GaGazT2RWvqeDi0hV+AtC8unqqDSsaFjPxfsO6qPtKRRg25SisACWnJ37Yio8ttaw=="
    },
    "@rollup/rollup-win32-arm64-msvc@4.40.0": {
      "integrity": "sha512-UtZQQI5k/b8d7d3i9AZmA/t+Q4tk3hOC0tMOMSq2GlMYOfxbesxG4mJSeDp0EHs30N9bsfwUvs3zF4v/RzOeTQ=="
    },
    "@rollup/rollup-win32-ia32-msvc@4.40.0": {
      "integrity": "sha512-+m03kvI2f5syIqHXCZLPVYplP8pQch9JHyXKZ3AGMKlg8dCyr2PKHjwRLiW53LTrN/Nc3EqHOKxUxzoSPdKddA=="
    },
    "@rollup/rollup-win32-x64-msvc@4.40.0": {
      "integrity": "sha512-lpPE1cLfP5oPzVjKMx10pgBmKELQnFJXHgvtHCtuJWOv8MxqdEIMNtgHgBFf7Ea2/7EuVwa9fodWUfXAlXZLZQ=="
    },
    "@types/estree@1.0.7": {
      "integrity": "sha512-w28IoSUCJpidD/TGviZwwMJckNESJZXFu7NBZ5YJ4mEUnNraUn9Pm8HSZm/jDF1pDWYKspWE7oVphigUPRakIQ=="
    },
    "@vitejs/plugin-vue@5.2.3_vite@6.3.1__picomatch@4.0.2_vue@3.5.13": {
      "integrity": "sha512-IYSLEQj4LgZZuoVpdSUCw3dIynTWQgPlaRP6iAvMle4My0HdYwr5g5wQAfwOeHQBmYwEkqF70nRpSilr6PoUDg==",
      "dependencies": [
        "vite",
        "vue"
      ]
    },
    "@vue/compiler-core@3.5.13": {
      "integrity": "sha512-oOdAkwqUfW1WqpwSYJce06wvt6HljgY3fGeM9NcVA1HaYOij3mZG9Rkysn0OHuyUAGMbEbARIpsG+LPVlBJ5/Q==",
      "dependencies": [
        "@babel/parser",
        "@vue/shared",
        "entities",
        "estree-walker",
        "source-map-js"
      ]
    },
    "@vue/compiler-dom@3.5.13": {
      "integrity": "sha512-ZOJ46sMOKUjO3e94wPdCzQ6P1Lx/vhp2RSvfaab88Ajexs0AHeV0uasYhi99WPaogmBlRHNRuly8xV75cNTMDA==",
      "dependencies": [
        "@vue/compiler-core",
        "@vue/shared"
      ]
    },
    "@vue/compiler-sfc@3.5.13": {
      "integrity": "sha512-6VdaljMpD82w6c2749Zhf5T9u5uLBWKnVue6XWxprDobftnletJ8+oel7sexFfM3qIxNmVE7LSFGTpv6obNyaQ==",
      "dependencies": [
        "@babel/parser",
        "@vue/compiler-core",
        "@vue/compiler-dom",
        "@vue/compiler-ssr",
        "@vue/shared",
        "estree-walker",
        "magic-string",
        "postcss",
        "source-map-js"
      ]
    },
    "@vue/compiler-ssr@3.5.13": {
      "integrity": "sha512-wMH6vrYHxQl/IybKJagqbquvxpWCuVYpoUJfCqFZwa/JY1GdATAQ+TgVtgrwwMZ0D07QhA99rs/EAAWfvG6KpA==",
      "dependencies": [
        "@vue/compiler-dom",
        "@vue/shared"
      ]
    },
    "@vue/devtools-api@6.6.4": {
      "integrity": "sha512-sGhTPMuXqZ1rVOk32RylztWkfXTRhuS7vgAKv0zjqk8gbsHkJ7xfFf+jbySxt7tWObEJwyKaHMikV/WGDiQm8g=="
    },
    "@vue/reactivity@3.5.13": {
      "integrity": "sha512-NaCwtw8o48B9I6L1zl2p41OHo/2Z4wqYGGIK1Khu5T7yxrn+ATOixn/Udn2m+6kZKB/J7cuT9DbWWhRxqixACg==",
      "dependencies": [
        "@vue/shared"
      ]
    },
    "@vue/runtime-core@3.5.13": {
      "integrity": "sha512-Fj4YRQ3Az0WTZw1sFe+QDb0aXCerigEpw418pw1HBUKFtnQHWzwojaukAs2X/c9DQz4MQ4bsXTGlcpGxU/RCIw==",
      "dependencies": [
        "@vue/reactivity",
        "@vue/shared"
      ]
    },
    "@vue/runtime-dom@3.5.13": {
      "integrity": "sha512-dLaj94s93NYLqjLiyFzVs9X6dWhTdAlEAciC3Moq7gzAc13VJUdCnjjRurNM6uTLFATRHexHCTu/Xp3eW6yoog==",
      "dependencies": [
        "@vue/reactivity",
        "@vue/runtime-core",
        "@vue/shared",
        "csstype"
      ]
    },
    "@vue/server-renderer@3.5.13_vue@3.5.13": {
      "integrity": "sha512-wAi4IRJV/2SAW3htkTlB+dHeRmpTiVIK1OGLWV1yeStVSebSQQOwGwIq0D3ZIoBj2C2qpgz5+vX9iEBkTdk5YA==",
      "dependencies": [
        "@vue/compiler-ssr",
        "@vue/shared",
        "vue"
      ]
    },
    "@vue/shared@3.5.13": {
      "integrity": "sha512-/hnE/qP5ZoGpol0a5mDi45bOd7t3tjYJBjsgCsivow7D48cJeV5l05RD82lPqi7gRiphZM37rnhW1l6ZoCNNnQ=="
    },
    "csstype@3.1.3": {
      "integrity": "sha512-M1uQkMl8rQK/szD0LNhtqxIPLpimGm8sOBwU7lLnCpSbTyY3yeU1Vc7l4KT5zT4s/yOxHH5O7tIuuLOCnLADRw=="
    },
    "entities@4.5.0": {
      "integrity": "sha512-V0hjH4dGPh9Ao5p0MoRY6BVqtwCjhz6vI5LT8AJ55H+4g9/4vbHx1I54fS0XuclLhDHArPQCiMjDxjaL8fPxhw=="
    },
    "esbuild@0.25.2": {
      "integrity": "sha512-16854zccKPnC+toMywC+uKNeYSv+/eXkevRAfwRD/G9Cleq66m8XFIrigkbvauLLlCfDL45Q2cWegSg53gGBnQ==",
      "dependencies": [
        "@esbuild/aix-ppc64",
        "@esbuild/android-arm",
        "@esbuild/android-arm64",
        "@esbuild/android-x64",
        "@esbuild/darwin-arm64",
        "@esbuild/darwin-x64",
        "@esbuild/freebsd-arm64",
        "@esbuild/freebsd-x64",
        "@esbuild/linux-arm",
        "@esbuild/linux-arm64",
        "@esbuild/linux-ia32",
        "@esbuild/linux-loong64",
        "@esbuild/linux-mips64el",
        "@esbuild/linux-ppc64",
        "@esbuild/linux-riscv64",
        "@esbuild/linux-s390x",
        "@esbuild/linux-x64",
        "@esbuild/netbsd-arm64",
        "@esbuild/netbsd-x64",
        "@esbuild/openbsd-arm64",
        "@esbuild/openbsd-x64",
        "@esbuild/sunos-x64",
        "@esbuild/win32-arm64",
        "@esbuild/win32-ia32",
        "@esbuild/win32-x64"
      ]
    },
    "estree-walker@2.0.2": {
      "integrity": "sha512-Rfkk/Mp/DL7JVje3u18FxFujQlTNR2q6QfMSMB7AvCBx91NGj/ba3kCfza0f6dVDbw7YlRf/nDrn7pQrCCyQ/w=="
    },
    "fdir@6.4.4_picomatch@4.0.2": {
      "integrity": "sha512-1NZP+GK4GfuAv3PqKvxQRDMjdSRZjnkq7KfhlNrCNNlZ0ygQFpebfrnfnq/W7fpUnAv9aGWmY1zKx7FYL3gwhg==",
      "dependencies": [
        "picomatch"
      ]
    },
    "fsevents@2.3.3": {
      "integrity": "sha512-5xoDfX+fL7faATnagmWPpbFtwh/R77WmMMqqHGS65C3vvB0YHrgF+B1YmZ3441tMj5n63k0212XNoJwzlhffQw=="
    },
    "magic-string@0.30.17": {
      "integrity": "sha512-sNPKHvyjVf7gyjwS4xGTaW/mCnF8wnjtifKBEhxfZ7E/S8tQ0rssrwGNn6q8JH/ohItJfSQp9mBtQYuTlH5QnA==",
      "dependencies": [
        "@jridgewell/sourcemap-codec"
      ]
    },
    "nanoid@3.3.11": {
      "integrity": "sha512-N8SpfPUnUp1bK+PMYW8qSWdl9U+wwNWI4QKxOYDy9JAro3WMX7p2OeVRF9v+347pnakNevPmiHhNmZ2HbFA76w=="
    },
    "picocolors@1.1.1": {
      "integrity": "sha512-xceH2snhtb5M9liqDsmEw56le376mTZkEX/jEb/RxNFyegNul7eNslCXP9FDj/Lcu0X8KEyMceP2ntpaHrDEVA=="
    },
    "picomatch@4.0.2": {
      "integrity": "sha512-M7BAV6Rlcy5u+m6oPhAPFgJTzAioX/6B0DxyvDlo9l8+T3nLKbrczg2WLUyzd45L8RqfUMyGPzekbMvX2Ldkwg=="
    },
    "postcss@8.5.3": {
      "integrity": "sha512-dle9A3yYxlBSrt8Fu+IpjGT8SY8hN0mlaA6GY8t0P5PjIOZemULz/E2Bnm/2dcUOena75OTNkHI76uZBNUUq3A==",
      "dependencies": [
        "nanoid",
        "picocolors",
        "source-map-js"
      ]
    },
    "rollup@4.40.0": {
      "integrity": "sha512-Noe455xmA96nnqH5piFtLobsGbCij7Tu+tb3c1vYjNbTkfzGqXqQXG3wJaYXkRZuQ0vEYN4bhwg7QnIrqB5B+w==",
      "dependencies": [
        "@rollup/rollup-android-arm-eabi",
        "@rollup/rollup-android-arm64",
        "@rollup/rollup-darwin-arm64",
        "@rollup/rollup-darwin-x64",
        "@rollup/rollup-freebsd-arm64",
        "@rollup/rollup-freebsd-x64",
        "@rollup/rollup-linux-arm-gnueabihf",
        "@rollup/rollup-linux-arm-musleabihf",
        "@rollup/rollup-linux-arm64-gnu",
        "@rollup/rollup-linux-arm64-musl",
        "@rollup/rollup-linux-loongarch64-gnu",
        "@rollup/rollup-linux-powerpc64le-gnu",
        "@rollup/rollup-linux-riscv64-gnu",
        "@rollup/rollup-linux-riscv64-musl",
        "@rollup/rollup-linux-s390x-gnu",
        "@rollup/rollup-linux-x64-gnu",
        "@rollup/rollup-linux-x64-musl",
        "@rollup/rollup-win32-arm64-msvc",
        "@rollup/rollup-win32-ia32-msvc",
        "@rollup/rollup-win32-x64-msvc",
        "@types/estree",
        "fsevents"
      ]
    },
    "source-map-js@1.2.1": {
      "integrity": "sha512-UXWMKhLOwVKb728IUtQPXxfYU+usdybtUrK/8uGE8CQMvrhOpwvzDBwj0QhSL7MQc7vIsISBG8VQ8+IDQxpfQA=="
    },
    "tinyglobby@0.2.12_picomatch@4.0.2": {
      "integrity": "sha512-qkf4trmKSIiMTs/E63cxH+ojC2unam7rJ0WrauAzpT3ECNTxGRMlaXxVbfxMUC/w0LaYk6jQ4y/nGR9uBO3tww==",
      "dependencies": [
        "fdir",
        "picomatch"
      ]
    },
    "vite@6.3.1_picomatch@4.0.2": {
      "integrity": "sha512-kkzzkqtMESYklo96HKKPE5KKLkC1amlsqt+RjFMlX2AvbRB/0wghap19NdBxxwGZ+h/C6DLCrcEphPIItlGrRQ==",
      "dependencies": [
        "esbuild",
        "fdir",
        "fsevents",
        "picomatch",
        "postcss",
        "rollup",
        "tinyglobby"
      ]
    },
    "vue-router@4.6.4_vue@3.5.13": {
      "integrity": "sha512-Hz9q5sa33Yhduglwz6g9skT8OBPii+4bFn88w6J+J4MfEo4KRRpmiNG/hHHkdbRFlLBOqxN8y8gf2Fb0MTUgVg==",
      "dependencies": [
        "@vue/devtools-api",
        "vue"
      ]
    },
    "vue@3.5.13": {
      "integrity": "sha512-wmeiSMxkZCSc+PM2w2VRsOYAZC8GdipNFRTsLSfodVqI9mbejKeXEGr8SckuLnrQPGe3oJN5c3K0vpoU9q/wCQ==",
      "dependencies": [
        "@vue/compiler-dom",
        "@vue/compiler-sfc",
        "@vue/runtime-dom",
        "@vue/server-renderer",
        "@vue/shared"
      ]
    }
  },
  "remote": {
    "https://deno.land/std@0.152.0/_util/assert.ts": "e94f2eb37cebd7f199952e242c77654e43333c1ac4c5c700e929ea3aa5489f74",
    "https://deno.land/std@0.152.0/_util/os.ts": "3b4c6e27febd119d36a416d7a97bd3b0251b77c88942c8f16ee5953ea13e2e49",
    "https://deno.land/std@0.152.0/async/deferred.ts": "bc18e28108252c9f67dfca2bbc4587c3cbf3aeb6e155f8c864ca8ecff992b98a",
    "https://deno.land/std@0.152.0/bytes/bytes_list.ts": "aba5e2369e77d426b10af1de0dcc4531acecec27f9b9056f4f7bfbf8ac147ab4",
    "https://deno.land/std@0.152.0/bytes/equals.ts": "3c3558c3ae85526f84510aa2b48ab2ad7bdd899e2e0f5b7a8ffc85acb3a6043a",
    "https://deno.land/std@0.152.0/bytes/mod.ts": "763f97d33051cc3f28af1a688dfe2830841192a9fea0cbaa55f927b49d49d0bf",
    "https://deno.land/std@0.152.0/crypto/timing_safe_equal.ts": "82a29b737bc8932d75d7a20c404136089d5d23629e94ba14efa98a8cc066c73e",
    "https://deno.land/std@0.152.0/encoding/base64.ts": "c57868ca7fa2fbe919f57f88a623ad34e3d970d675bdc1ff3a9d02bba7409db2",
    "https://deno.land/std@0.152.0/fmt/colors.ts": "6f9340b7fb8cc25a993a99e5efc56fe81bb5af284ff412129dd06df06f53c0b4",
    "https://deno.land/std@0.152.0/http/_negotiation/common.ts": "410e902f01cdd324e4746e8017595be4fc357d6fc4cd6044f2f808a943d7eaf7",
    "https://deno.land/std@0.152.0/http/_negotiation/encoding.ts": "f749c1d539d139af783e8a7741de5a47a98a5e3c9af82b8af512567ccf5fe632",
    "https://deno.land/std@0.152.0/http/_negotiation/language.ts": "53c306186904d2dace4c624a8822542866ad332a7f40ac90e0af1504f95c63d0",
    "https://deno.land/std@0.152.0/http/_negotiation/media_type.ts": "ecdda87286495f7ff25116858f5088856953e2f1585e593d314e0c71b826a137",
    "https://deno.land/std@0.152.0/http/http_errors.ts": "fe9b7f95f7ee0592c3306f8c7aed03ba53d55d1ef81e00041c1171b9588f46d9",
    "https://deno.land/std@0.152.0/http/http_status.ts": "897575a7d6bc2b9123f6a38ecbc0f03d95a532c5d92029315dc9f508e12526b8",
    "https://deno.land/std@0.152.0/http/negotiation.ts": "f35b1ff2ad4ff9feaa00ac234960b398172768205c8eceaef7f2eafe34716ba2",
    "https://deno.land/std@0.152.0/io/buffer.ts": "bd0c4bf53db4b4be916ca5963e454bddfd3fcd45039041ea161dbf826817822b",
    "https://deno.land/std@0.152.0/io/readers.ts": "45847ad404afd2f605eae1cff193f223462bc55eeb9ae313c2f3db28aada0fd6",
    "https://deno.land/std@0.152.0/media_types/_util.ts": "ce9b4fc4ba1c447dafab619055e20fd88236ca6bdd7834a21f98bd193c3fbfa1",
    "https://deno.land/std@0.152.0/media_types/mod.ts": "3829264ca0610cac40f3214f939d7733483523f82bc1041c51045d7c75fb93b8",
    "https://deno.land/std@0.152.0/media_types/vendor/mime-db.v1.52.0.ts": "724cee25fa40f1a52d3937d6b4fbbfdd7791ff55e1b7ac08d9319d5632c7f5af",
    "https://deno.land/std@0.152.0/path/_constants.ts": "df1db3ffa6dd6d1252cc9617e5d72165cd2483df90e93833e13580687b6083c3",
    "https://deno.land/std@0.152.0/path/_interface.ts": "ee3b431a336b80cf445441109d089b70d87d5e248f4f90ff906820889ecf8d09",
    "https://deno.land/std@0.152.0/path/_util.ts": "c1e9686d0164e29f7d880b2158971d805b6e0efc3110d0b3e24e4b8af2190d2b",
    "https://deno.land/std@0.152.0/path/common.ts": "bee563630abd2d97f99d83c96c2fa0cca7cee103e8cb4e7699ec4d5db7bd2633",
    "https://deno.land/std@0.152.0/path/glob.ts": "cb5255638de1048973c3e69e420c77dc04f75755524cb3b2e160fe9277d939ee",
    "https://deno.land/std@0.152.0/path/mod.ts": "56fec03ad0ebd61b6ab39ddb9b0ddb4c4a5c9f2f4f632e09dd37ec9ebfd722ac",
    "https://deno.land/std@0.152.0/path/posix.ts": "c1f7afe274290ea0b51da07ee205653b2964bd74909a82deb07b69a6cc383aaa",
    "https://deno.land/std@0.152.0/path/separator.ts": "fe1816cb765a8068afb3e8f13ad272351c85cbc739af56dacfc7d93d710fe0f9",
    "https://deno.land/std@0.152.0/path/win32.ts": "bd7549042e37879c68ff2f8576a25950abbfca1d696d41d82c7bca0b7e6f452c",
    "https://deno.land/std@0.152.0/streams/conversion.ts": "fc3db02026183da795fa32ac7549868e9f19c75ba029d4b4c3739af62b48517a",
    "https://deno.land/std@0.152.0/testing/_diff.ts": "029a00560b0d534bc0046f1bce4bd36b3b41ada3f2a3178c85686eb2ff5f1413",
    "https://deno.land/std@0.152.0/testing/_format.ts": "0d8dc79eab15b67cdc532826213bbe05bccfd276ca473a50a3fc7bbfb7260642",
    "https://deno.land/std@0.152.0/testing/asserts.ts": "093735c88f52bbead7f60a1f7a97a2ce4df3c2d5fab00a46956f20b4a5793ccd",
    "https://deno.land/x/cors@v1.2.2/abcCors.ts": "cdf83a7eaa69a1bf3ab910d18b9422217902fac47601adcaf0afac5a61845d48",
    "https://deno.land/x/cors@v1.2.2/attainCors.ts": "7d6aba0f942495cc31119604e0895c9bb8edd8f8baa7fe78e6c655bd0b4cbf59",
    "https://deno.land/x/cors@v1.2.2/cors.ts": "0e2d9167e3685f9bcf48f565e312b6e1883fa458f7337e5ce7bc2e3b29767980",
    "https://deno.land/x/cors@v1.2.2/mithCors.ts": "3a359d6e716e0410ede278ab54d875b293a2d66d838aaa7cfbf9ddc1e9e990d3",
    "https://deno.land/x/cors@v1.2.2/mod.ts": "2b351913f56d77ad80cb3b8633d4539c9eeddb426dae79437ada0e6a9cb4f1a6",
    "https://deno.land/x/cors@v1.2.2/oakCors.ts": "1348dc7673c61b85d2e80559a7b44f8e0246eaa6bcc6ec744fafe5d9b13b5c71",
    "https://deno.land/x/cors@v1.2.2/opineCors.ts": "fb5790115c26b7061d84b8d6c17d258a1e241bcab75b0bc3ca1fdb2e57bc5072",
    "https://deno.land/x/cors@v1.2.2/types.ts": "97546633ccc7f0df7a29bacba5d91dc6f61decdd1b65258300244dba905d34b8",
    "https://deno.land/x/oak@v11.1.0/application.ts": "0a728331822b8e27727ceec48a8499657c3163fc48fd379a8a9578a75f3cdb62",
    "https://deno.land/x/oak@v11.1.0/body.ts": "78402a4936accb80372c4944384658105604352d6783de7ff1e36b8832dd93c9",
    "https://deno.land/x/oak@v11.1.0/buf_reader.ts": "7cf96aa0ac670b75098113cf88a291a68332cc45efa8a9698f064ac5b8098a0f",
    "https://deno.land/x/oak@v11.1.0/content_disposition.ts": "8b8c3cb2fba7138cd5b7f82fc3b5ea39b33db924a824b28261659db7e164621e",
    "https://deno.land/x/oak@v11.1.0/context.ts": "014d1ce40e62a7901411425541b0d5a08018968a330595bd686f8d00222a35bb",
    "https://deno.land/x/oak@v11.1.0/cookies.ts": "d9f94b99f26c6169c6982ce12323c41a548d001bfc28f464264c22dc3dbf2181",
    "https://deno.land/x/oak@v11.1.0/deps.ts": "b897b0f2bec99cd8b402b279b7f21de955d98cbd72835b6c912be5e11c26148b",
    "https://deno.land/x/oak@v11.1.0/etag.ts": "19918f5e1964e3fe6c9fe524a88ffbf9900ce1dfe4146b187b2a86256bb6b663",
    "https://deno.land/x/oak@v11.1.0/headers.ts": "f50fb05614432bda971021633129aa2e8737e0844e0f01c27a937997b4d8dd4f",
    "https://deno.land/x/oak@v11.1.0/helpers.ts": "42212afa07a560b2958359cc19577417e89d9574d6579551a0af36ff7f00cc6e",
    "https://deno.land/x/oak@v11.1.0/http_request.ts": "0831c828816fcb58a5aa8361c6865c4151f4c8b59fabcef2e2cd235bb28170c5",
    "https://deno.land/x/oak@v11.1.0/http_server_flash.ts": "e312754acad26d3d70f243d657547e697921f67f0a2179dbec41a20a3228fd79",
    "https://deno.land/x/oak@v11.1.0/http_server_native.ts": "549dffcd2db5cbb0e44ad50cf9c54956b42a10450b1ac66e1362e32a073c8c1b",
    "https://deno.land/x/oak@v11.1.0/http_server_native_request.ts": "07910ea2ed51af6c4e69addf9015cdd8d2b5c9ee03fd4993e386834a129a9eb6",
    "https://deno.land/x/oak@v11.1.0/isMediaType.ts": "62d638abcf837ece3a8f07a4b7ca59794135cb0d4b73194c7d5837efd4161005",
    "https://deno.land/x/oak@v11.1.0/keyStack.ts": "fa0d5898fb8ba34de1c9cdcf4b2e8434952dc9931671858d33560368784a22ef",
    "https://deno.land/x/oak@v11.1.0/mediaTyper.ts": "042b853fc8e9c3f6c628dd389e03ef481552bf07242efc3f8a1af042102a6105",
    "https://deno.land/x/oak@v11.1.0/middleware.ts": "de14f045a2ddfe845d89b5d3140ff52cbcc6f3b3965391106ce04480f9786737",
    "https://deno.land/x/oak@v11.1.0/middleware/proxy.ts": "b927232f97ec18af4185d7912e45b1191e3ffe24a9c875262ad524211b1274c9",
    "https://deno.land/x/oak@v11.1.0/mod.ts": "de52855c8f626e30ba683fb265c0a0773ba2f5f117b3549b7d9c857edba58338",
    "https://deno.land/x/oak@v11.1.0/multipart.ts": "98fe9f226de8c26a16d067027b69fb1e34ad8c4055767dd157907d06cea36f9a",
    "https://deno.land/x/oak@v11.1.0/range.ts": "68a6df7ab3b868843e33f52deb94c3d4cab25cb9ef369691990c2ac15b04fafb",
    "https://deno.land/x/oak@v11.1.0/request.ts": "5852ad36389b48e0428a6f3c90854d01f10d1b15949b56001e1e75c2a00ef0f9",
    "https://deno.land/x/oak@v11.1.0/response.ts": "867d81f7eb0c65c7b8e0e0e9e145ededd5b6daa9ad922e6adc6a36a525f439a6",
    "https://deno.land/x/oak@v11.1.0/router.ts": "187522a549f6c179ff01d321882a8bfacbfb7f3e24b004ec4534a3613c7f9b0e",
    "https://deno.land/x/oak@v11.1.0/send.ts": "7ef2591792426d62add91536bb434566d4b224247ca343fdd63e486f9d4e9446",
    "https://deno.land/x/oak@v11.1.0/server_sent_event.ts": "948b0fe4cb3fe38c7db15e476eb3b7671ef20e566d130e9f701d7c0146aa47dd",
    "https://deno.land/x/oak@v11.1.0/structured_clone.ts": "ecf42598652b8082f37252cb873d6e257ad728e6fe73c6bd61f343d94501fbde",
    "https://deno.land/x/oak@v11.1.0/testing.ts": "7612656efd2975f7a2e6848609f5971922dbec46b76372c5c623202fdd7b9a85",
    "https://deno.land/x/oak@v11.1.0/util.ts": "3af8c4ed04c6cc2bedbe66e562a77fc59c72df31c55a902a63885861ca1639d6",
    "https://deno.land/x/path_to_regexp@v6.2.1/index.ts": "894060567837bae8fc9c5cbd4d0a05e9024672083d5883b525c031eea940e556"
  },
  "workspace": {
    "dependencies": [
      "npm:@deno/vite-plugin@^1.0.4",
      "npm:@vitejs/plugin-vue@^5.2.1",
      "npm:vite@^6.1.1",
      "npm:vue@^3.5.13"
    ]
  }
}
